// !$*UTF8*$!
{
	archiveVersion = 1;
	classes = {
	};
	objectVersion = 46;
	objects = {

/* Begin PBXBuildFile section */
		61B18A311DF5468800071BBE /* AppDelegate.m in Sources */ = {isa = PBXBuildFile; fileRef = 61B18A301DF5468800071BBE /* AppDelegate.m */; };
		61B18A341DF5468800071BBE /* main.m in Sources */ = {isa = PBXBuildFile; fileRef = 61B18A331DF5468800071BBE /* main.m */; };
		61B18A361DF5468800071BBE /* Assets.xcassets in Resources */ = {isa = PBXBuildFile; fileRef = 61B18A351DF5468800071BBE /* Assets.xcassets */; };
		61B18A391DF5468800071BBE /* MainMenu.xib in Resources */ = {isa = PBXBuildFile; fileRef = 61B18A371DF5468800071BBE /* MainMenu.xib */; };
		61B18A461DF5665B00071BBE /* MainWindowController.m in Sources */ = {isa = PBXBuildFile; fileRef = 61B18A441DF5665B00071BBE /* MainWindowController.m */; };
		61B18A471DF5665B00071BBE /* MainWindowController.xib in Resources */ = {isa = PBXBuildFile; fileRef = 61B18A451DF5665B00071BBE /* MainWindowController.xib */; };
		61B18A4B1DF5670400071BBE /* FirstViewController.m in Sources */ = {isa = PBXBuildFile; fileRef = 61B18A491DF5670400071BBE /* FirstViewController.m */; };
		61B18A4C1DF5670400071BBE /* FirstViewController.xib in Resources */ = {isa = PBXBuildFile; fileRef = 61B18A4A1DF5670400071BBE /* FirstViewController.xib */; };
/* End PBXBuildFile section */

/* Begin PBXFileReference section */
		61B18A2C1DF5468800071BBE /* HelloWorld.app */ = {isa = PBXFileReference; explicitFileType = wrapper.application; includeInIndex = 0; path = HelloWorld.app; sourceTree = BUILT_PRODUCTS_DIR; };
		61B18A2F1DF5468800071BBE /* AppDelegate.h */ = {isa = PBXFileReference; lastKnownFileType = sourcecode.c.h; path = AppDelegate.h; sourceTree = "<group>"; };
		61B18A301DF5468800071BBE /* AppDelegate.m */ = {isa = PBXFileReference; lastKnownFileType = sourcecode.c.objc; path = AppDelegate.m; sourceTree = "<group>"; };
		61B18A331DF5468800071BBE /* main.m */ = {isa = PBXFileReference; lastKnownFileType = sourcecode.c.objc; path = main.m; sourceTree = "<group>"; };
		61B18A351DF5468800071BBE /* Assets.xcassets */ = {isa = PBXFileReference; lastKnownFileType = folder.assetcatalog; path = Assets.xcassets; sourceTree = "<group>"; };
		61B18A381DF5468800071BBE /* Base */ = {isa = PBXFileReference; lastKnownFileType = file.xib; name = Base; path = Base.lproj/MainMenu.xib; sourceTree = "<group>"; };
		61B18A3A1DF5468800071BBE /* Info.plist */ = {isa = PBXFileReference; lastKnownFileType = text.plist.xml; path = Info.plist; sourceTree = "<group>"; };
		61B18A431DF5665B00071BBE /* MainWindowController.h */ = {isa = PBXFileReference; fileEncoding = 4; lastKnownFileType = sourcecode.c.h; path = MainWindowController.h; sourceTree = "<group>"; };
		61B18A441DF5665B00071BBE /* MainWindowController.m */ = {isa = PBXFileReference; fileEncoding = 4; lastKnownFileType = sourcecode.c.objc; path = MainWindowController.m; sourceTree = "<group>"; };
		61B18A451DF5665B00071BBE /* MainWindowController.xib */ = {isa = PBXFileReference; fileEncoding = 4; lastKnownFileType = file.xib; path = MainWindowController.xib; sourceTree = "<group>"; };
		61B18A481DF5670400071BBE /* FirstViewController.h */ = {isa = PBXFileReference; fileEncoding = 4; lastKnownFileType = sourcecode.c.h; path = FirstViewController.h; sourceTree = "<group>"; };
		61B18A491DF5670400071BBE /* FirstViewController.m */ = {isa = PBXFileReference; fileEncoding = 4; lastKnownFileType = sourcecode.c.objc; path = FirstViewController.m; sourceTree = "<group>"; };
		61B18A4A1DF5670400071BBE /* FirstViewController.xib */ = {isa = PBXFileReference; fileEncoding = 4; lastKnownFileType = file.xib; path = FirstViewController.xib; sourceTree = "<group>"; };
/* End PBXFileReference section */

/* Begin PBXFrameworksBuildPhase section */
		61B18A291DF5468800071BBE /* Frameworks */ = {
			isa = PBXFrameworksBuildPhase;
			buildActionMask = 2147483647;
			files = (
			);
			runOnlyForDeploymentPostprocessing = 0;
		};
/* End PBXFrameworksBuildPhase section */

/* Begin PBXGroup section */
		61B18A231DF5468800071BBE = {
			isa = PBXGroup;
			children = (
				61B18A2E1DF5468800071BBE /* HelloWorld */,
				61B18A2D1DF5468800071BBE /* Products */,
			);
			sourceTree = "<group>";
		};
		61B18A2D1DF5468800071BBE /* Products */ = {
			isa = PBXGroup;
			children = (
				61B18A2C1DF5468800071BBE /* HelloWorld.app */,
			);
			name = Products;
			sourceTree = "<group>";
		};
		61B18A2E1DF5468800071BBE /* HelloWorld */ = {
			isa = PBXGroup;
			children = (
				61B18A2F1DF5468800071BBE /* AppDelegate.h */,
				61B18A301DF5468800071BBE /* AppDelegate.m */,
				61B18A431DF5665B00071BBE /* MainWindowController.h */,
				61B18A441DF5665B00071BBE /* MainWindowController.m */,
				61B18A451DF5665B00071BBE /* MainWindowController.xib */,
				61B18A481DF5670400071BBE /* FirstViewController.h */,
				61B18A491DF5670400071BBE /* FirstViewController.m */,
				61B18A4A1DF5670400071BBE /* FirstViewController.xib */,
				61B18A351DF5468800071BBE /* Assets.xcassets */,
				61B18A371DF5468800071BBE /* MainMenu.xib */,
				61B18A3A1DF5468800071BBE /* Info.plist */,
				61B18A321DF5468800071BBE /* Supporting Files */,
			);
			path = HelloWorld;
			sourceTree = "<group>";
		};
		61B18A321DF5468800071BBE /* Supporting Files */ = {
			isa = PBXGroup;
			children = (
				61B18A331DF5468800071BBE /* main.m */,
			);
			name = "Supporting Files";
			sourceTree = "<group>";
		};
/* End PBXGroup section */

/* Begin PBXNativeTarget section */
		61B18A2B1DF5468800071BBE /* HelloWorld */ = {
			isa = PBXNativeTarget;
			buildConfigurationList = 61B18A3D1DF5468800071BBE /* Build configuration list for PBXNativeTarget "HelloWorld" */;
			buildPhases = (
				61B18A281DF5468800071BBE /* Sources */,
				61B18A291DF5468800071BBE /* Frameworks */,
				61B18A2A1DF5468800071BBE /* Resources */,
			);
			buildRules = (
			);
			dependencies = (
			);
			name = HelloWorld;
			productName = HelloWorld;
			productReference = 61B18A2C1DF5468800071BBE /* HelloWorld.app */;
			productType = "com.apple.product-type.application";
		};
/* End PBXNativeTarget section */

/* Begin PBXProject section */
		61B18A241DF5468800071BBE /* Project object */ = {
			isa = PBXProject;
			attributes = {
				LastUpgradeCheck = 0800;
				ORGANIZATIONNAME = wanglei;
				TargetAttributes = {
					61B18A2B1DF5468800071BBE = {
						CreatedOnToolsVersion = 8.0;
						ProvisioningStyle = Automatic;
					};
				};
			};
			buildConfigurationList = 61B18A271DF5468800071BBE /* Build configuration list for PBXProject "HelloWorld" */;
			compatibilityVersion = "Xcode 3.2";
			developmentRegion = English;
			hasScannedForEncodings = 0;
			knownRegions = (
				en,
				Base,
			);
			mainGroup = 61B18A231DF5468800071BBE;
			productRefGroup = 61B18A2D1DF5468800071BBE /* Products */;
			projectDirPath = "";
			projectRoot = "";
			targets = (
				61B18A2B1DF5468800071BBE /* HelloWorld */,
			);
		};
/* End PBXProject section */

/* Begin PBXResourcesBuildPhase section */
		61B18A2A1DF5468800071BBE /* Resources */ = {
			isa = PBXResourcesBuildPhase;
			buildActionMask = 2147483647;
			files = (
				61B18A361DF5468800071BBE /* Assets.xcassets in Resources */,
				61B18A471DF5665B00071BBE /* MainWindowController.xib in Resources */,
				61B18A391DF5468800071BBE /* MainMenu.xib in Resources */,
				61B18A4C1DF5670400071BBE /* FirstViewController.xib in Resources */,
			);
			runOnlyForDeploymentPostprocessing = 0;
		};
/* End PBXResourcesBuildPhase section */

/* Begin PBXSourcesBuildPhase section */
		61B18A281DF5468800071BBE /* Sources */ = {
			isa = PBXSourcesBuildPhase;
			buildActionMask = 2147483647;
			files = (
				61B18A461DF5665B00071BBE /* MainWindowController.m in Sources */,
				61B18A341DF5468800071BBE /* main.m in Sources */,
				61B18A311DF5468800071BBE /* AppDelegate.m in Sources */,
				61B18A4B1DF5670400071BBE /* FirstViewController.m in Sources */,
			);
			runOnlyForDeploymentPostprocessing = 0;
		};
/* End PBXSourcesBuildPhase section */

/* Begin PBXVariantGroup section */
		61B18A371DF5468800071BBE /* MainMenu.xib */ = {
			isa = PBXVariantGroup;
			children = (
				61B18A381DF5468800071BBE /* Base */,
			);
			name = MainMenu.xib;
			sourceTree = "<group>";
		};
/* End PBXVariantGroup section */

/* Begin XCBuildConfiguration section */
		61B18A3B1DF5468800071BBE /* Debug */ = {
			isa = XCBuildConfiguration;
			buildSettings = {
				ALWAYS_SEARCH_USER_PATHS = NO;
				CLANG_ANALYZER_NONNULL = YES;
				CLANG_CXX_LANGUAGE_STANDARD = "gnu++0x";
				CLANG_CXX_LIBRARY = "libc++";
				CLANG_ENABLE_MODULES = YES;
				CLANG_ENABLE_OBJC_ARC = YES;
				CLANG_WARN_BOOL_CONVERSION = YES;
				CLANG_WARN_CONSTANT_CONVERSION = YES;
				CLANG_WARN_DIRECT_OBJC_ISA_USAGE = YES_ERROR;
				CLANG_WARN_DOCUMENTATION_COMMENTS = YES;
				CLANG_WARN_EMPTY_BODY = YES;
				CLANG_WARN_ENUM_CONVERSION = YES;
				CLANG_WARN_INFINITE_RECURSION = YES;
				CLANG_WARN_INT_CONVERSION = YES;
				CLANG_WARN_OBJC_ROOT_CLASS = YES_ERROR;
				CLANG_WARN_SUSPICIOUS_MOVES = YES;
				CLANG_WARN_UNREACHABLE_CODE = YES;
				CLANG_WARN__DUPLICATE_METHOD_MATCH = YES;
				CODE_SIGN_IDENTITY = "-";
				COPY_PHASE_STRIP = NO;
				DEBUG_INFORMATION_FORMAT = dwarf;
				ENABLE_STRICT_OBJC_MSGSEND = YES;
				ENABLE_TESTABILITY = YES;
				GCC_C_LANGUAGE_STANDARD = gnu99;
				GCC_DYNAMIC_NO_PIC = NO;
				GCC_NO_COMMON_BLOCKS = YES;
				GCC_OPTIMIZATION_LEVEL = 0;
				GCC_PREPROCESSOR_DEFINITIONS = (
					"DEBUG=1",
					"$(inherited)",
				);
				GCC_WARN_64_TO_32_BIT_CONVERSION = YES;
				GCC_WARN_ABOUT_RETURN_TYPE = YES_ERROR;
				GCC_WARN_UNDECLARED_SELECTOR = YES;
				GCC_WARN_UNINITIALIZED_AUTOS = YES_AGGRESSIVE;
				GCC_WARN_UNUSED_FUNCTION = YES;
				GCC_WARN_UNUSED_VARIABLE = YES;
				MACOSX_DEPLOYMENT_TARGET = 10.11;
				MTL_ENABLE_DEBUG_INFO = YES;
				ONLY_ACTIVE_ARCH = YES;
				SDKROOT = macosx;
			};
			name = Debug;
		};
		61B18A3C1DF5468800071BBE /* Release */ = {
			isa = XCBuildConfiguration;
			buildSettings = {
				ALWAYS_SEARCH_USER_PATHS = NO;
				CLANG_ANALYZER_NONNULL = YES;
				CLANG_CXX_LANGUAGE_STANDARD = "gnu++0x";
				CLANG_CXX_LIBRARY = "libc++";
				CLANG_ENABLE_MODULES = YES;
				CLANG_ENABLE_OBJC_ARC = YES;
				CLANG_WARN_BOOL_CONVERSION = YES;
				CLANG_WARN_CONSTANT_CONVERSION = YES;
				CLANG_WARN_DIRECT_OBJC_ISA_USAGE = YES_ERROR;
				CLANG_WARN_DOCUMENTATION_COMMENTS = YES;
				CLANG_WARN_EMPTY_BODY = YES;
				CLANG_WARN_ENUM_CONVERSION = YES;
				CLANG_WARN_INFINITE_RECURSION = YES;
				CLANG_WARN_INT_CONVERSION = YES;
				CLANG_WARN_OBJC_ROOT_CLASS = YES_ERROR;
				CLANG_WARN_SUSPICIOUS_MOVES = YES;
				CLANG_WARN_UNREACHABLE_CODE = YES;
				CLANG_WARN__DUPLICATE_METHOD_MATCH = YES;
				CODE_SIGN_IDENTITY = "-";
				COPY_PHASE_STRIP = NO;
				DEBUG_INFORMATION_FORMAT = "dwarf-with-dsym";
				ENABLE_NS_ASSERTIONS = NO;
				ENABLE_STRICT_OBJC_MSGSEND = YES;
				GCC_C_LANGUAGE_STANDARD = gnu99;
				GCC_NO_COMMON_BLOCKS = YES;
				GCC_WARN_64_TO_32_BIT_CONVERSION = YES;
				GCC_WARN_ABOUT_RETURN_TYPE = YES_ERROR;
				GCC_WARN_UNDECLARED_SELECTOR = YES;
				GCC_WARN_UNINITIALIZED_AUTOS = YES_AGGRESSIVE;
				GCC_WARN_UNUSED_FUNCTION = YES;
				GCC_WARN_UNUSED_VARIABLE = YES;
				MACOSX_DEPLOYMENT_TARGET = 10.11;
				MTL_ENABLE_DEBUG_INFO = NO;
				SDKROOT = macosx;
			};
			name = Release;
		};
		61B18A3E1DF5468800071BBE /* Debug */ = {
			isa = XCBuildConfiguration;
			buildSettings = {
				ASSETCATALOG_COMPILER_APPICON_NAME = AppIcon;
				COMBINE_HIDPI_IMAGES = YES;
				INFOPLIST_FILE = HelloWorld/Info.plist;
				LD_RUNPATH_SEARCH_PATHS = "$(inherited) @executable_path/../Frameworks";
				PRODUCT_BUNDLE_IDENTIFIER = com.wanglei.HelloWorld;
				PRODUCT_NAME = "$(TARGET_NAME)";
			};
			name = Debug;
		};
		61B18A3F1DF5468800071BBE /* Release */ = {
			isa = XCBuildConfiguration;
			buildSettings = {
				ASSETCATALOG_COMPILER_APPICON_NAME = AppIcon;
				COMBINE_HIDPI_IMAGES = YES;
				INFOPLIST_FILE = HelloWorld/Info.plist;
				LD_RUNPATH_SEARCH_PATHS = "$(inherited) @executable_path/../Frameworks";
				PRODUCT_BUNDLE_IDENTIFIER = com.wanglei.HelloWorld;
				PRODUCT_NAME = "$(TARGET_NAME)";
			};
			name = Release;
		};
/* End XCBuildConfiguration section */

/* Begin XCConfigurationList section */
		61B18A271DF5468800071BBE /* Build configuration list for PBXProject "HelloWorld" */ = {
			isa = XCConfigurationList;
			buildConfigurations = (
				61B18A3B1DF5468800071BBE /* Debug */,
				61B18A3C1DF5468800071BBE /* Release */,
			);
			defaultConfigurationIsVisible = 0;
			defaultConfigurationName = Release;
		};
		61B18A3D1DF5468800071BBE /* Build configuration list for PBXNativeTarget "HelloWorld" */ = {
			isa = XCConfigurationList;
			buildConfigurations = (
				61B18A3E1DF5468800071BBE /* Debug */,
				61B18A3F1DF5468800071BBE /* Release */,
			);
			defaultConfigurationIsVisible = 0;
			defaultConfigurationName = Release;
		};
/* End XCConfigurationList section */
	};
	rootObject = 61B18A241DF5468800071BBE /* Project object */;
}
